<Solution>
  <Project Path="ProductionDowntimeTracker.api/ProductionDowntimeTracker.api.csproj" />
  <Project Path="ProductionDowntimeTracker.Client/ProductionDowntimeTracker.Client.csproj" Id="816b99d0-39cc-4044-98e6-c1f4f3dcf611" />
  <Project Path="ProductionDowntimeTracker.Tests/ProductionDowntimeTracker.Tests.csproj" Id="fbff1e55-1ddf-40e2-b7d9-4109b2c0d587" />
</Solution>
